// !$*UTF8*$!
{
	archiveVersion = 1;
	classes = {
	};
	objectVersion = 46;
	objects = {

/* Begin PBXBuildFile section */
		BD4CD2B51A2D15F000B92025 /* base.cpp in Sources */ = {isa = PBXBuildFile; fileRef = BD4CD20D1A2D15F000B92025 /* base.cpp */; };
		BD4CD2B61A2D15F000B92025 /* basePSet.cpp in Sources */ = {isa = PBXBuildFile; fileRef = BD4CD20F1A2D15F000B92025 /* basePSet.cpp */; };
		BD4CD2B71A2D15F000B92025 /* coef.cpp in Sources */ = {isa = PBXBuildFile; fileRef = BD4CD2121A2D15F000B92025 /* coef.cpp */; };
		BD4CD2B81A2D15F000B92025 /* combineBase.cpp in Sources */ = {isa = PBXBuildFile; fileRef = BD4CD2141A2D15F000B92025 /* combineBase.cpp */; };
		BD4CD2B91A2D15F000B92025 /* combineSingleIter.cpp in Sources */ = {isa = PBXBuildFile; fileRef = BD4CD2161A2D15F000B92025 /* combineSingleIter.cpp */; };
		BD4CD2BA1A2D15F000B92025 /* combineUnrolled.cpp in Sources */ = {isa = PBXBuildFile; fileRef = BD4CD2181A2D15F000B92025 /* combineUnrolled.cpp */; };
		BD4CD2BB1A2D15F000B92025 /* comm.cpp in Sources */ = {isa = PBXBuildFile; fileRef = BD4CD21A1A2D15F000B92025 /* comm.cpp */; };
		BD4CD2BC1A2D15F000B92025 /* costs.cpp in Sources */ = {isa = PBXBuildFile; fileRef = BD4CD21C1A2D15F000B92025 /* costs.cpp */; };
		BD4CD2BD1A2D15F000B92025 /* critSect.cpp in Sources */ = {isa = PBXBuildFile; fileRef = BD4CD21E1A2D15F000B92025 /* critSect.cpp */; };
		BD4CD2BE1A2D15F000B92025 /* blas.cpp in Sources */ = {isa = PBXBuildFile; fileRef = BD4CD2221A2D15F000B92025 /* blas.cpp */; };
		BD4CD2BF1A2D15F000B92025 /* blis.cpp in Sources */ = {isa = PBXBuildFile; fileRef = BD4CD2241A2D15F000B92025 /* blis.cpp */; };
		BD4CD2C01A2D15F000B92025 /* chol.cpp in Sources */ = {isa = PBXBuildFile; fileRef = BD4CD2261A2D15F000B92025 /* chol.cpp */; };
		BD4CD2C11A2D15F000B92025 /* DLANode.cpp in Sources */ = {isa = PBXBuildFile; fileRef = BD4CD2281A2D15F000B92025 /* DLANode.cpp */; };
		BD4CD2C21A2D15F000B92025 /* DLAOp.cpp in Sources */ = {isa = PBXBuildFile; fileRef = BD4CD22A1A2D15F000B92025 /* DLAOp.cpp */; };
		BD4CD2C31A2D15F000B92025 /* DLAReg.cpp in Sources */ = {isa = PBXBuildFile; fileRef = BD4CD22C1A2D15F000B92025 /* DLAReg.cpp */; };
		BD4CD2C41A2D15F000B92025 /* driverBLISElem.cpp in Sources */ = {isa = PBXBuildFile; fileRef = BD4CD22E1A2D15F000B92025 /* driverBLISElem.cpp */; };
		BD4CD2C51A2D15F000B92025 /* elemRedist.cpp in Sources */ = {isa = PBXBuildFile; fileRef = BD4CD22F1A2D15F000B92025 /* elemRedist.cpp */; };
		BD4CD2C61A2D15F000B92025 /* gemm.cpp in Sources */ = {isa = PBXBuildFile; fileRef = BD4CD2311A2D15F000B92025 /* gemm.cpp */; };
		BD4CD2C71A2D15F000B92025 /* gemmTransformations.cpp in Sources */ = {isa = PBXBuildFile; fileRef = BD4CD2331A2D15F000B92025 /* gemmTransformations.cpp */; };
		BD4CD2C81A2D15F000B92025 /* helperNodes.cpp in Sources */ = {isa = PBXBuildFile; fileRef = BD4CD2351A2D15F000B92025 /* helperNodes.cpp */; };
		BD4CD2C91A2D15F000B92025 /* hemm.cpp in Sources */ = {isa = PBXBuildFile; fileRef = BD4CD2371A2D15F000B92025 /* hemm.cpp */; };
		BD4CD2CA1A2D15F000B92025 /* her2k.cpp in Sources */ = {isa = PBXBuildFile; fileRef = BD4CD2391A2D15F000B92025 /* her2k.cpp */; };
		BD4CD2CB1A2D15F000B92025 /* herk.cpp in Sources */ = {isa = PBXBuildFile; fileRef = BD4CD23B1A2D15F000B92025 /* herk.cpp */; };
		BD4CD2CC1A2D15F000B92025 /* hetrmm.cpp in Sources */ = {isa = PBXBuildFile; fileRef = BD4CD23D1A2D15F000B92025 /* hetrmm.cpp */; };
		BD4CD2CD1A2D15F000B92025 /* lu.cpp in Sources */ = {isa = PBXBuildFile; fileRef = BD4CD2401A2D15F000B92025 /* lu.cpp */; };
		BD4CD2CE1A2D15F000B92025 /* pack.cpp in Sources */ = {isa = PBXBuildFile; fileRef = BD4CD2421A2D15F000B92025 /* pack.cpp */; };
		BD4CD2CF1A2D15F000B92025 /* transpose.cpp in Sources */ = {isa = PBXBuildFile; fileRef = BD4CD2441A2D15F000B92025 /* transpose.cpp */; };
		BD4CD2D01A2D15F000B92025 /* TriInv.cpp in Sources */ = {isa = PBXBuildFile; fileRef = BD4CD2461A2D15F000B92025 /* TriInv.cpp */; };
		BD4CD2D11A2D15F000B92025 /* TrProps.cpp in Sources */ = {isa = PBXBuildFile; fileRef = BD4CD2481A2D15F000B92025 /* TrProps.cpp */; };
		BD4CD2D21A2D15F000B92025 /* trxm.cpp in Sources */ = {isa = PBXBuildFile; fileRef = BD4CD24A1A2D15F000B92025 /* trxm.cpp */; };
		BD4CD2D31A2D15F000B92025 /* twoSidedTrxm.cpp in Sources */ = {isa = PBXBuildFile; fileRef = BD4CD24C1A2D15F000B92025 /* twoSidedTrxm.cpp */; };
		BD4CD2D41A2D15F000B92025 /* graphIter.cpp in Sources */ = {isa = PBXBuildFile; fileRef = BD4CD24F1A2D15F000B92025 /* graphIter.cpp */; };
		BD4CD2D51A2D15F000B92025 /* IndStream.cpp in Sources */ = {isa = PBXBuildFile; fileRef = BD4CD2511A2D15F000B92025 /* IndStream.cpp */; };
		BD4CD2D61A2D15F000B92025 /* intLoop.cpp in Sources */ = {isa = PBXBuildFile; fileRef = BD4CD2531A2D15F000B92025 /* intLoop.cpp */; };
		BD4CD2D71A2D15F000B92025 /* architecture.cpp in Sources */ = {isa = PBXBuildFile; fileRef = BD4CD2591A2D15F000B92025 /* architecture.cpp */; };
		BD4CD2D81A2D15F000B92025 /* driverLLDLA.cpp in Sources */ = {isa = PBXBuildFile; fileRef = BD4CD25B1A2D15F000B92025 /* driverLLDLA.cpp */; };
		BD4CD2D91A2D15F000B92025 /* LLDLA.cpp in Sources */ = {isa = PBXBuildFile; fileRef = BD4CD25D1A2D15F000B92025 /* LLDLA.cpp */; };
		BD4CD2DA1A2D15F000B92025 /* LLDLAGemm.cpp in Sources */ = {isa = PBXBuildFile; fileRef = BD4CD25F1A2D15F000B92025 /* LLDLAGemm.cpp */; };
		BD4CD2DB1A2D15F000B92025 /* LLDLAGemmTransformations.cpp in Sources */ = {isa = PBXBuildFile; fileRef = BD4CD2611A2D15F000B92025 /* LLDLAGemmTransformations.cpp */; };
		BD4CD2DC1A2D15F000B92025 /* LLDLATranspose.cpp in Sources */ = {isa = PBXBuildFile; fileRef = BD4CD2631A2D15F000B92025 /* LLDLATranspose.cpp */; };
		BD4CD2DD1A2D15F000B92025 /* madd.cpp in Sources */ = {isa = PBXBuildFile; fileRef = BD4CD2651A2D15F000B92025 /* madd.cpp */; };
		BD4CD2DE1A2D15F000B92025 /* mvmul.cpp in Sources */ = {isa = PBXBuildFile; fileRef = BD4CD2671A2D15F000B92025 /* mvmul.cpp */; };
		BD4CD2DF1A2D15F000B92025 /* regArith.cpp in Sources */ = {isa = PBXBuildFile; fileRef = BD4CD2691A2D15F000B92025 /* regArith.cpp */; };
		BD4CD2E01A2D15F000B92025 /* regLoadStore.cpp in Sources */ = {isa = PBXBuildFile; fileRef = BD4CD26B1A2D15F000B92025 /* regLoadStore.cpp */; };
		BD4CD2E11A2D15F000B92025 /* runtimeEvaluation.cpp in Sources */ = {isa = PBXBuildFile; fileRef = BD4CD26D1A2D15F000B92025 /* runtimeEvaluation.cpp */; };
		BD4CD2E21A2D15F000B92025 /* smmul.cpp in Sources */ = {isa = PBXBuildFile; fileRef = BD4CD26F1A2D15F000B92025 /* smmul.cpp */; };
		BD4CD2E31A2D15F000B92025 /* svmul.cpp in Sources */ = {isa = PBXBuildFile; fileRef = BD4CD2711A2D15F000B92025 /* svmul.cpp */; };
		BD4CD2E41A2D15F000B92025 /* vadd.cpp in Sources */ = {isa = PBXBuildFile; fileRef = BD4CD2731A2D15F000B92025 /* vadd.cpp */; };
		BD4CD2E51A2D15F000B92025 /* vmmul.cpp in Sources */ = {isa = PBXBuildFile; fileRef = BD4CD2751A2D15F000B92025 /* vmmul.cpp */; };
		BD4CD2E61A2D15F000B92025 /* vvdot.cpp in Sources */ = {isa = PBXBuildFile; fileRef = BD4CD2771A2D15F000B92025 /* vvdot.cpp */; };
		BD4CD2E71A2D15F000B92025 /* loopTunnel.cpp in Sources */ = {isa = PBXBuildFile; fileRef = BD4CD27A1A2D15F000B92025 /* loopTunnel.cpp */; };
		BD4CD2E81A2D15F000B92025 /* loopUnrolling.cpp in Sources */ = {isa = PBXBuildFile; fileRef = BD4CD27C1A2D15F000B92025 /* loopUnrolling.cpp */; };
		BD4CD2E91A2D15F000B92025 /* node.cpp in Sources */ = {isa = PBXBuildFile; fileRef = BD4CD27E1A2D15F000B92025 /* node.cpp */; };
		BD4CD2EA1A2D15F000B92025 /* poss.cpp in Sources */ = {isa = PBXBuildFile; fileRef = BD4CD2811A2D15F000B92025 /* poss.cpp */; };
		BD4CD2EB1A2D15F000B92025 /* realLoop.cpp in Sources */ = {isa = PBXBuildFile; fileRef = BD4CD2841A2D15F000B92025 /* realLoop.cpp */; };
		BD4CD2EC1A2D15F000B92025 /* realPSet.cpp in Sources */ = {isa = PBXBuildFile; fileRef = BD4CD2861A2D15F000B92025 /* realPSet.cpp */; };
		BD4CD2ED1A2D15F000B92025 /* shadowLoop.cpp in Sources */ = {isa = PBXBuildFile; fileRef = BD4CD2891A2D15F000B92025 /* shadowLoop.cpp */; };
		BD4CD2EE1A2D15F000B92025 /* shadowPSet.cpp in Sources */ = {isa = PBXBuildFile; fileRef = BD4CD28B1A2D15F000B92025 /* shadowPSet.cpp */; };
		BD4CD2EF1A2D15F000B92025 /* sizes.cpp in Sources */ = {isa = PBXBuildFile; fileRef = BD4CD28D1A2D15F000B92025 /* sizes.cpp */; };
		BD4CD2F01A2D15F000B92025 /* splitBase.cpp in Sources */ = {isa = PBXBuildFile; fileRef = BD4CD28F1A2D15F000B92025 /* splitBase.cpp */; };
		BD4CD2F11A2D15F000B92025 /* splitSingleIter.cpp in Sources */ = {isa = PBXBuildFile; fileRef = BD4CD2911A2D15F000B92025 /* splitSingleIter.cpp */; };
		BD4CD2F21A2D15F000B92025 /* splitUnrolled.cpp in Sources */ = {isa = PBXBuildFile; fileRef = BD4CD2931A2D15F000B92025 /* splitUnrolled.cpp */; };
		BD4CD2F31A2D15F000B92025 /* ccsd.cpp in Sources */ = {isa = PBXBuildFile; fileRef = BD4CD2961A2D15F000B92025 /* ccsd.cpp */; };
		BD4CD2F41A2D15F000B92025 /* contraction.cpp in Sources */ = {isa = PBXBuildFile; fileRef = BD4CD2981A2D15F000B92025 /* contraction.cpp */; };
		BD4CD2F51A2D15F000B92025 /* driverTensors.cpp in Sources */ = {isa = PBXBuildFile; fileRef = BD4CD29B1A2D15F000B92025 /* driverTensors.cpp */; };
		BD4CD2F61A2D15F000B92025 /* permutation.cpp in Sources */ = {isa = PBXBuildFile; fileRef = BD4CD29D1A2D15F000B92025 /* permutation.cpp */; };
		BD4CD2F71A2D15F000B92025 /* tensorPermute.cpp in Sources */ = {isa = PBXBuildFile; fileRef = BD4CD29E1A2D15F000B92025 /* tensorPermute.cpp */; };
		BD4CD2F81A2D15F000B92025 /* tensorRedist.cpp in Sources */ = {isa = PBXBuildFile; fileRef = BD4CD2A01A2D15F000B92025 /* tensorRedist.cpp */; };
		BD4CD2F91A2D15F000B92025 /* tensorSumScatter.cpp in Sources */ = {isa = PBXBuildFile; fileRef = BD4CD2A41A2D15F000B92025 /* tensorSumScatter.cpp */; };
		BD4CD2FA1A2D15F000B92025 /* yaxppx.cpp in Sources */ = {isa = PBXBuildFile; fileRef = BD4CD2A61A2D15F000B92025 /* yaxppx.cpp */; };
		BD4CD2FB1A2D15F000B92025 /* yxpby.cpp in Sources */ = {isa = PBXBuildFile; fileRef = BD4CD2A81A2D15F000B92025 /* yxpby.cpp */; };
		BD4CD2FC1A2D15F000B92025 /* zaxpby.cpp in Sources */ = {isa = PBXBuildFile; fileRef = BD4CD2AA1A2D15F000B92025 /* zaxpby.cpp */; };
		BD4CD2FD1A2D15F000B92025 /* transform.cpp in Sources */ = {isa = PBXBuildFile; fileRef = BD4CD2AC1A2D15F000B92025 /* transform.cpp */; };
		BD4CD2FE1A2D15F000B92025 /* tunnel.cpp in Sources */ = {isa = PBXBuildFile; fileRef = BD4CD2AE1A2D15F000B92025 /* tunnel.cpp */; };
		BD4CD2FF1A2D15F000B92025 /* universe.cpp in Sources */ = {isa = PBXBuildFile; fileRef = BD4CD2B01A2D15F000B92025 /* universe.cpp */; };
		BD4CD3001A2D15F000B92025 /* var.cpp in Sources */ = {isa = PBXBuildFile; fileRef = BD4CD2B31A2D15F000B92025 /* var.cpp */; };
/* End PBXBuildFile section */

/* Begin PBXCopyFilesBuildPhase section */
		BD5CBC0D19D25A0A0039526C /* CopyFiles */ = {
			isa = PBXCopyFilesBuildPhase;
			buildActionMask = 2147483647;
			dstPath = /usr/share/man/man1/;
			dstSubfolderSpec = 0;
			files = (
			);
			runOnlyForDeploymentPostprocessing = 1;
		};
/* End PBXCopyFilesBuildPhase section */

/* Begin PBXFileReference section */
		BD4CD20D1A2D15F000B92025 /* base.cpp */ = {isa = PBXFileReference; fileEncoding = 4; lastKnownFileType = sourcecode.cpp.cpp; path = base.cpp; sourceTree = "<group>"; };
		BD4CD20E1A2D15F000B92025 /* base.h */ = {isa = PBXFileReference; fileEncoding = 4; lastKnownFileType = sourcecode.c.h; path = base.h; sourceTree = "<group>"; };
		BD4CD20F1A2D15F000B92025 /* basePSet.cpp */ = {isa = PBXFileReference; fileEncoding = 4; lastKnownFileType = sourcecode.cpp.cpp; path = basePSet.cpp; sourceTree = "<group>"; };
		BD4CD2101A2D15F000B92025 /* basePSet.cpp.orig */ = {isa = PBXFileReference; fileEncoding = 4; lastKnownFileType = text; path = basePSet.cpp.orig; sourceTree = "<group>"; };
		BD4CD2111A2D15F000B92025 /* basePSet.h */ = {isa = PBXFileReference; fileEncoding = 4; lastKnownFileType = sourcecode.c.h; path = basePSet.h; sourceTree = "<group>"; };
		BD4CD2121A2D15F000B92025 /* coef.cpp */ = {isa = PBXFileReference; fileEncoding = 4; lastKnownFileType = sourcecode.cpp.cpp; path = coef.cpp; sourceTree = "<group>"; };
		BD4CD2131A2D15F000B92025 /* coef.h */ = {isa = PBXFileReference; fileEncoding = 4; lastKnownFileType = sourcecode.c.h; path = coef.h; sourceTree = "<group>"; };
		BD4CD2141A2D15F000B92025 /* combineBase.cpp */ = {isa = PBXFileReference; fileEncoding = 4; lastKnownFileType = sourcecode.cpp.cpp; path = combineBase.cpp; sourceTree = "<group>"; };
		BD4CD2151A2D15F000B92025 /* combineBase.h */ = {isa = PBXFileReference; fileEncoding = 4; lastKnownFileType = sourcecode.c.h; path = combineBase.h; sourceTree = "<group>"; };
		BD4CD2161A2D15F000B92025 /* combineSingleIter.cpp */ = {isa = PBXFileReference; fileEncoding = 4; lastKnownFileType = sourcecode.cpp.cpp; path = combineSingleIter.cpp; sourceTree = "<group>"; };
		BD4CD2171A2D15F000B92025 /* combineSingleIter.h */ = {isa = PBXFileReference; fileEncoding = 4; lastKnownFileType = sourcecode.c.h; path = combineSingleIter.h; sourceTree = "<group>"; };
		BD4CD2181A2D15F000B92025 /* combineUnrolled.cpp */ = {isa = PBXFileReference; fileEncoding = 4; lastKnownFileType = sourcecode.cpp.cpp; path = combineUnrolled.cpp; sourceTree = "<group>"; };
		BD4CD2191A2D15F000B92025 /* combineUnrolled.h */ = {isa = PBXFileReference; fileEncoding = 4; lastKnownFileType = sourcecode.c.h; path = combineUnrolled.h; sourceTree = "<group>"; };
		BD4CD21A1A2D15F000B92025 /* comm.cpp */ = {isa = PBXFileReference; fileEncoding = 4; lastKnownFileType = sourcecode.cpp.cpp; path = comm.cpp; sourceTree = "<group>"; };
		BD4CD21B1A2D15F000B92025 /* comm.h */ = {isa = PBXFileReference; fileEncoding = 4; lastKnownFileType = sourcecode.c.h; path = comm.h; sourceTree = "<group>"; };
		BD4CD21C1A2D15F000B92025 /* costs.cpp */ = {isa = PBXFileReference; fileEncoding = 4; lastKnownFileType = sourcecode.cpp.cpp; path = costs.cpp; sourceTree = "<group>"; };
		BD4CD21D1A2D15F000B92025 /* costs.h */ = {isa = PBXFileReference; fileEncoding = 4; lastKnownFileType = sourcecode.c.h; path = costs.h; sourceTree = "<group>"; };
		BD4CD21E1A2D15F000B92025 /* critSect.cpp */ = {isa = PBXFileReference; fileEncoding = 4; lastKnownFileType = sourcecode.cpp.cpp; path = critSect.cpp; sourceTree = "<group>"; };
		BD4CD21F1A2D15F000B92025 /* critSect.h */ = {isa = PBXFileReference; fileEncoding = 4; lastKnownFileType = sourcecode.c.h; path = critSect.h; sourceTree = "<group>"; };
		BD4CD2201A2D15F000B92025 /* debug.h */ = {isa = PBXFileReference; fileEncoding = 4; lastKnownFileType = sourcecode.c.h; path = debug.h; sourceTree = "<group>"; };
		BD4CD2221A2D15F000B92025 /* blas.cpp */ = {isa = PBXFileReference; fileEncoding = 4; lastKnownFileType = sourcecode.cpp.cpp; path = blas.cpp; sourceTree = "<group>"; };
		BD4CD2231A2D15F000B92025 /* blas.h */ = {isa = PBXFileReference; fileEncoding = 4; lastKnownFileType = sourcecode.c.h; path = blas.h; sourceTree = "<group>"; };
		BD4CD2241A2D15F000B92025 /* blis.cpp */ = {isa = PBXFileReference; fileEncoding = 4; lastKnownFileType = sourcecode.cpp.cpp; path = blis.cpp; sourceTree = "<group>"; };
		BD4CD2251A2D15F000B92025 /* blis.h */ = {isa = PBXFileReference; fileEncoding = 4; lastKnownFileType = sourcecode.c.h; path = blis.h; sourceTree = "<group>"; };
		BD4CD2261A2D15F000B92025 /* chol.cpp */ = {isa = PBXFileReference; fileEncoding = 4; lastKnownFileType = sourcecode.cpp.cpp; path = chol.cpp; sourceTree = "<group>"; };
		BD4CD2271A2D15F000B92025 /* chol.h */ = {isa = PBXFileReference; fileEncoding = 4; lastKnownFileType = sourcecode.c.h; path = chol.h; sourceTree = "<group>"; };
		BD4CD2281A2D15F000B92025 /* DLANode.cpp */ = {isa = PBXFileReference; fileEncoding = 4; lastKnownFileType = sourcecode.cpp.cpp; path = DLANode.cpp; sourceTree = "<group>"; };
		BD4CD2291A2D15F000B92025 /* DLANode.h */ = {isa = PBXFileReference; fileEncoding = 4; lastKnownFileType = sourcecode.c.h; path = DLANode.h; sourceTree = "<group>"; };
		BD4CD22A1A2D15F000B92025 /* DLAOp.cpp */ = {isa = PBXFileReference; fileEncoding = 4; lastKnownFileType = sourcecode.cpp.cpp; path = DLAOp.cpp; sourceTree = "<group>"; };
		BD4CD22B1A2D15F000B92025 /* DLAOp.h */ = {isa = PBXFileReference; fileEncoding = 4; lastKnownFileType = sourcecode.c.h; path = DLAOp.h; sourceTree = "<group>"; };
		BD4CD22C1A2D15F000B92025 /* DLAReg.cpp */ = {isa = PBXFileReference; fileEncoding = 4; lastKnownFileType = sourcecode.cpp.cpp; path = DLAReg.cpp; sourceTree = "<group>"; };
		BD4CD22D1A2D15F000B92025 /* DLAReg.h */ = {isa = PBXFileReference; fileEncoding = 4; lastKnownFileType = sourcecode.c.h; path = DLAReg.h; sourceTree = "<group>"; };
		BD4CD22E1A2D15F000B92025 /* driverBLISElem.cpp */ = {isa = PBXFileReference; fileEncoding = 4; lastKnownFileType = sourcecode.cpp.cpp; path = driverBLISElem.cpp; sourceTree = "<group>"; };
		BD4CD22F1A2D15F000B92025 /* elemRedist.cpp */ = {isa = PBXFileReference; fileEncoding = 4; lastKnownFileType = sourcecode.cpp.cpp; path = elemRedist.cpp; sourceTree = "<group>"; };
		BD4CD2301A2D15F000B92025 /* elemRedist.h */ = {isa = PBXFileReference; fileEncoding = 4; lastKnownFileType = sourcecode.c.h; path = elemRedist.h; sourceTree = "<group>"; };
		BD4CD2311A2D15F000B92025 /* gemm.cpp */ = {isa = PBXFileReference; fileEncoding = 4; lastKnownFileType = sourcecode.cpp.cpp; path = gemm.cpp; sourceTree = "<group>"; };
		BD4CD2321A2D15F000B92025 /* gemm.h */ = {isa = PBXFileReference; fileEncoding = 4; lastKnownFileType = sourcecode.c.h; path = gemm.h; sourceTree = "<group>"; };
		BD4CD2331A2D15F000B92025 /* gemmTransformations.cpp */ = {isa = PBXFileReference; fileEncoding = 4; lastKnownFileType = sourcecode.cpp.cpp; path = gemmTransformations.cpp; sourceTree = "<group>"; };
		BD4CD2341A2D15F000B92025 /* gemmTransformations.h */ = {isa = PBXFileReference; fileEncoding = 4; lastKnownFileType = sourcecode.c.h; path = gemmTransformations.h; sourceTree = "<group>"; };
		BD4CD2351A2D15F000B92025 /* helperNodes.cpp */ = {isa = PBXFileReference; fileEncoding = 4; lastKnownFileType = sourcecode.cpp.cpp; path = helperNodes.cpp; sourceTree = "<group>"; };
		BD4CD2361A2D15F000B92025 /* helperNodes.h */ = {isa = PBXFileReference; fileEncoding = 4; lastKnownFileType = sourcecode.c.h; path = helperNodes.h; sourceTree = "<group>"; };
		BD4CD2371A2D15F000B92025 /* hemm.cpp */ = {isa = PBXFileReference; fileEncoding = 4; lastKnownFileType = sourcecode.cpp.cpp; path = hemm.cpp; sourceTree = "<group>"; };
		BD4CD2381A2D15F000B92025 /* hemm.h */ = {isa = PBXFileReference; fileEncoding = 4; lastKnownFileType = sourcecode.c.h; path = hemm.h; sourceTree = "<group>"; };
		BD4CD2391A2D15F000B92025 /* her2k.cpp */ = {isa = PBXFileReference; fileEncoding = 4; lastKnownFileType = sourcecode.cpp.cpp; path = her2k.cpp; sourceTree = "<group>"; };
		BD4CD23A1A2D15F000B92025 /* her2k.h */ = {isa = PBXFileReference; fileEncoding = 4; lastKnownFileType = sourcecode.c.h; path = her2k.h; sourceTree = "<group>"; };
		BD4CD23B1A2D15F000B92025 /* herk.cpp */ = {isa = PBXFileReference; fileEncoding = 4; lastKnownFileType = sourcecode.cpp.cpp; path = herk.cpp; sourceTree = "<group>"; };
		BD4CD23C1A2D15F000B92025 /* herk.h */ = {isa = PBXFileReference; fileEncoding = 4; lastKnownFileType = sourcecode.c.h; path = herk.h; sourceTree = "<group>"; };
		BD4CD23D1A2D15F000B92025 /* hetrmm.cpp */ = {isa = PBXFileReference; fileEncoding = 4; lastKnownFileType = sourcecode.cpp.cpp; path = hetrmm.cpp; sourceTree = "<group>"; };
		BD4CD23E1A2D15F000B92025 /* hetrmm.h */ = {isa = PBXFileReference; fileEncoding = 4; lastKnownFileType = sourcecode.c.h; path = hetrmm.h; sourceTree = "<group>"; };
		BD4CD23F1A2D15F000B92025 /* lowerLayer.h */ = {isa = PBXFileReference; fileEncoding = 4; lastKnownFileType = sourcecode.c.h; path = lowerLayer.h; sourceTree = "<group>"; };
		BD4CD2401A2D15F000B92025 /* lu.cpp */ = {isa = PBXFileReference; fileEncoding = 4; lastKnownFileType = sourcecode.cpp.cpp; path = lu.cpp; sourceTree = "<group>"; };
		BD4CD2411A2D15F000B92025 /* lu.h */ = {isa = PBXFileReference; fileEncoding = 4; lastKnownFileType = sourcecode.c.h; path = lu.h; sourceTree = "<group>"; };
		BD4CD2421A2D15F000B92025 /* pack.cpp */ = {isa = PBXFileReference; fileEncoding = 4; lastKnownFileType = sourcecode.cpp.cpp; path = pack.cpp; sourceTree = "<group>"; };
		BD4CD2431A2D15F000B92025 /* pack.h */ = {isa = PBXFileReference; fileEncoding = 4; lastKnownFileType = sourcecode.c.h; path = pack.h; sourceTree = "<group>"; };
		BD4CD2441A2D15F000B92025 /* transpose.cpp */ = {isa = PBXFileReference; fileEncoding = 4; lastKnownFileType = sourcecode.cpp.cpp; path = transpose.cpp; sourceTree = "<group>"; };
		BD4CD2451A2D15F000B92025 /* transpose.h */ = {isa = PBXFileReference; fileEncoding = 4; lastKnownFileType = sourcecode.c.h; path = transpose.h; sourceTree = "<group>"; };
		BD4CD2461A2D15F000B92025 /* TriInv.cpp */ = {isa = PBXFileReference; fileEncoding = 4; lastKnownFileType = sourcecode.cpp.cpp; path = TriInv.cpp; sourceTree = "<group>"; };
		BD4CD2471A2D15F000B92025 /* TriInv.h */ = {isa = PBXFileReference; fileEncoding = 4; lastKnownFileType = sourcecode.c.h; path = TriInv.h; sourceTree = "<group>"; };
		BD4CD2481A2D15F000B92025 /* TrProps.cpp */ = {isa = PBXFileReference; fileEncoding = 4; lastKnownFileType = sourcecode.cpp.cpp; path = TrProps.cpp; sourceTree = "<group>"; };
		BD4CD2491A2D15F000B92025 /* TrProps.h */ = {isa = PBXFileReference; fileEncoding = 4; lastKnownFileType = sourcecode.c.h; path = TrProps.h; sourceTree = "<group>"; };
		BD4CD24A1A2D15F000B92025 /* trxm.cpp */ = {isa = PBXFileReference; fileEncoding = 4; lastKnownFileType = sourcecode.cpp.cpp; path = trxm.cpp; sourceTree = "<group>"; };
		BD4CD24B1A2D15F000B92025 /* trxm.h */ = {isa = PBXFileReference; fileEncoding = 4; lastKnownFileType = sourcecode.c.h; path = trxm.h; sourceTree = "<group>"; };
		BD4CD24C1A2D15F000B92025 /* twoSidedTrxm.cpp */ = {isa = PBXFileReference; fileEncoding = 4; lastKnownFileType = sourcecode.cpp.cpp; path = twoSidedTrxm.cpp; sourceTree = "<group>"; };
		BD4CD24D1A2D15F000B92025 /* twoSidedTrxm.h */ = {isa = PBXFileReference; fileEncoding = 4; lastKnownFileType = sourcecode.c.h; path = twoSidedTrxm.h; sourceTree = "<group>"; };
		BD4CD24E1A2D15F000B92025 /* driverUtils.h */ = {isa = PBXFileReference; fileEncoding = 4; lastKnownFileType = sourcecode.c.h; path = driverUtils.h; sourceTree = "<group>"; };
		BD4CD24F1A2D15F000B92025 /* graphIter.cpp */ = {isa = PBXFileReference; fileEncoding = 4; lastKnownFileType = sourcecode.cpp.cpp; path = graphIter.cpp; sourceTree = "<group>"; };
		BD4CD2501A2D15F000B92025 /* graphIter.h */ = {isa = PBXFileReference; fileEncoding = 4; lastKnownFileType = sourcecode.c.h; path = graphIter.h; sourceTree = "<group>"; };
		BD4CD2511A2D15F000B92025 /* IndStream.cpp */ = {isa = PBXFileReference; fileEncoding = 4; lastKnownFileType = sourcecode.cpp.cpp; path = IndStream.cpp; sourceTree = "<group>"; };
		BD4CD2521A2D15F000B92025 /* IndStream.h */ = {isa = PBXFileReference; fileEncoding = 4; lastKnownFileType = sourcecode.c.h; path = IndStream.h; sourceTree = "<group>"; };
		BD4CD2531A2D15F000B92025 /* intLoop.cpp */ = {isa = PBXFileReference; fileEncoding = 4; lastKnownFileType = sourcecode.cpp.cpp; path = intLoop.cpp; sourceTree = "<group>"; };
		BD4CD2541A2D15F000B92025 /* intLoop.h */ = {isa = PBXFileReference; fileEncoding = 4; lastKnownFileType = sourcecode.c.h; path = intLoop.h; sourceTree = "<group>"; };
		BD4CD2551A2D15F000B92025 /* layers.h */ = {isa = PBXFileReference; fileEncoding = 4; lastKnownFileType = sourcecode.c.h; path = layers.h; sourceTree = "<group>"; };
		BD4CD2561A2D15F000B92025 /* layers.h.orig */ = {isa = PBXFileReference; fileEncoding = 4; lastKnownFileType = text; path = layers.h.orig; sourceTree = "<group>"; };
		BD4CD2581A2D15F000B92025 /* #driverLLDLA.cpp# */ = {isa = PBXFileReference; fileEncoding = 4; lastKnownFileType = text; path = "#driverLLDLA.cpp#"; sourceTree = "<group>"; };
		BD4CD2591A2D15F000B92025 /* architecture.cpp */ = {isa = PBXFileReference; fileEncoding = 4; lastKnownFileType = sourcecode.cpp.cpp; path = architecture.cpp; sourceTree = "<group>"; };
		BD4CD25A1A2D15F000B92025 /* architecture.h */ = {isa = PBXFileReference; fileEncoding = 4; lastKnownFileType = sourcecode.c.h; path = architecture.h; sourceTree = "<group>"; };
		BD4CD25B1A2D15F000B92025 /* driverLLDLA.cpp */ = {isa = PBXFileReference; fileEncoding = 4; lastKnownFileType = sourcecode.cpp.cpp; path = driverLLDLA.cpp; sourceTree = "<group>"; };
		BD4CD25C1A2D15F000B92025 /* driverLLDLA.cpp.orig */ = {isa = PBXFileReference; fileEncoding = 4; lastKnownFileType = text; path = driverLLDLA.cpp.orig; sourceTree = "<group>"; };
		BD4CD25D1A2D15F000B92025 /* LLDLA.cpp */ = {isa = PBXFileReference; fileEncoding = 4; lastKnownFileType = sourcecode.cpp.cpp; path = LLDLA.cpp; sourceTree = "<group>"; };
		BD4CD25E1A2D15F000B92025 /* LLDLA.h */ = {isa = PBXFileReference; fileEncoding = 4; lastKnownFileType = sourcecode.c.h; path = LLDLA.h; sourceTree = "<group>"; };
		BD4CD25F1A2D15F000B92025 /* LLDLAGemm.cpp */ = {isa = PBXFileReference; fileEncoding = 4; lastKnownFileType = sourcecode.cpp.cpp; path = LLDLAGemm.cpp; sourceTree = "<group>"; };
		BD4CD2601A2D15F000B92025 /* LLDLAGemm.h */ = {isa = PBXFileReference; fileEncoding = 4; lastKnownFileType = sourcecode.c.h; path = LLDLAGemm.h; sourceTree = "<group>"; };
		BD4CD2611A2D15F000B92025 /* LLDLAGemmTransformations.cpp */ = {isa = PBXFileReference; fileEncoding = 4; lastKnownFileType = sourcecode.cpp.cpp; path = LLDLAGemmTransformations.cpp; sourceTree = "<group>"; };
		BD4CD2621A2D15F000B92025 /* LLDLAGemmTransformations.h */ = {isa = PBXFileReference; fileEncoding = 4; lastKnownFileType = sourcecode.c.h; path = LLDLAGemmTransformations.h; sourceTree = "<group>"; };
		BD4CD2631A2D15F000B92025 /* LLDLATranspose.cpp */ = {isa = PBXFileReference; fileEncoding = 4; lastKnownFileType = sourcecode.cpp.cpp; path = LLDLATranspose.cpp; sourceTree = "<group>"; };
		BD4CD2641A2D15F000B92025 /* LLDLATranspose.h */ = {isa = PBXFileReference; fileEncoding = 4; lastKnownFileType = sourcecode.c.h; path = LLDLATranspose.h; sourceTree = "<group>"; };
		BD4CD2651A2D15F000B92025 /* madd.cpp */ = {isa = PBXFileReference; fileEncoding = 4; lastKnownFileType = sourcecode.cpp.cpp; path = madd.cpp; sourceTree = "<group>"; };
		BD4CD2661A2D15F000B92025 /* madd.h */ = {isa = PBXFileReference; fileEncoding = 4; lastKnownFileType = sourcecode.c.h; path = madd.h; sourceTree = "<group>"; };
		BD4CD2671A2D15F000B92025 /* mvmul.cpp */ = {isa = PBXFileReference; fileEncoding = 4; lastKnownFileType = sourcecode.cpp.cpp; path = mvmul.cpp; sourceTree = "<group>"; };
		BD4CD2681A2D15F000B92025 /* mvmul.h */ = {isa = PBXFileReference; fileEncoding = 4; lastKnownFileType = sourcecode.c.h; path = mvmul.h; sourceTree = "<group>"; };
		BD4CD2691A2D15F000B92025 /* regArith.cpp */ = {isa = PBXFileReference; fileEncoding = 4; lastKnownFileType = sourcecode.cpp.cpp; path = regArith.cpp; sourceTree = "<group>"; };
		BD4CD26A1A2D15F000B92025 /* regArith.h */ = {isa = PBXFileReference; fileEncoding = 4; lastKnownFileType = sourcecode.c.h; path = regArith.h; sourceTree = "<group>"; };
		BD4CD26B1A2D15F000B92025 /* regLoadStore.cpp */ = {isa = PBXFileReference; fileEncoding = 4; lastKnownFileType = sourcecode.cpp.cpp; path = regLoadStore.cpp; sourceTree = "<group>"; };
		BD4CD26C1A2D15F000B92025 /* regLoadStore.h */ = {isa = PBXFileReference; fileEncoding = 4; lastKnownFileType = sourcecode.c.h; path = regLoadStore.h; sourceTree = "<group>"; };
		BD4CD26D1A2D15F000B92025 /* runtimeEvaluation.cpp */ = {isa = PBXFileReference; fileEncoding = 4; lastKnownFileType = sourcecode.cpp.cpp; path = runtimeEvaluation.cpp; sourceTree = "<group>"; };
		BD4CD26E1A2D15F000B92025 /* runtimeEvaluation.h */ = {isa = PBXFileReference; fileEncoding = 4; lastKnownFileType = sourcecode.c.h; path = runtimeEvaluation.h; sourceTree = "<group>"; };
		BD4CD26F1A2D15F000B92025 /* smmul.cpp */ = {isa = PBXFileReference; fileEncoding = 4; lastKnownFileType = sourcecode.cpp.cpp; path = smmul.cpp; sourceTree = "<group>"; };
		BD4CD2701A2D15F000B92025 /* smmul.h */ = {isa = PBXFileReference; fileEncoding = 4; lastKnownFileType = sourcecode.c.h; path = smmul.h; sourceTree = "<group>"; };
		BD4CD2711A2D15F000B92025 /* svmul.cpp */ = {isa = PBXFileReference; fileEncoding = 4; lastKnownFileType = sourcecode.cpp.cpp; path = svmul.cpp; sourceTree = "<group>"; };
		BD4CD2721A2D15F000B92025 /* svmul.h */ = {isa = PBXFileReference; fileEncoding = 4; lastKnownFileType = sourcecode.c.h; path = svmul.h; sourceTree = "<group>"; };
		BD4CD2731A2D15F000B92025 /* vadd.cpp */ = {isa = PBXFileReference; fileEncoding = 4; lastKnownFileType = sourcecode.cpp.cpp; path = vadd.cpp; sourceTree = "<group>"; };
		BD4CD2741A2D15F000B92025 /* vadd.h */ = {isa = PBXFileReference; fileEncoding = 4; lastKnownFileType = sourcecode.c.h; path = vadd.h; sourceTree = "<group>"; };
		BD4CD2751A2D15F000B92025 /* vmmul.cpp */ = {isa = PBXFileReference; fileEncoding = 4; lastKnownFileType = sourcecode.cpp.cpp; path = vmmul.cpp; sourceTree = "<group>"; };
		BD4CD2761A2D15F000B92025 /* vmmul.h */ = {isa = PBXFileReference; fileEncoding = 4; lastKnownFileType = sourcecode.c.h; path = vmmul.h; sourceTree = "<group>"; };
		BD4CD2771A2D15F000B92025 /* vvdot.cpp */ = {isa = PBXFileReference; fileEncoding = 4; lastKnownFileType = sourcecode.cpp.cpp; path = vvdot.cpp; sourceTree = "<group>"; };
		BD4CD2781A2D15F000B92025 /* vvdot.h */ = {isa = PBXFileReference; fileEncoding = 4; lastKnownFileType = sourcecode.c.h; path = vvdot.h; sourceTree = "<group>"; };
		BD4CD2791A2D15F000B92025 /* loopSupport.h */ = {isa = PBXFileReference; fileEncoding = 4; lastKnownFileType = sourcecode.c.h; path = loopSupport.h; sourceTree = "<group>"; };
		BD4CD27A1A2D15F000B92025 /* loopTunnel.cpp */ = {isa = PBXFileReference; fileEncoding = 4; lastKnownFileType = sourcecode.cpp.cpp; path = loopTunnel.cpp; sourceTree = "<group>"; };
		BD4CD27B1A2D15F000B92025 /* loopTunnel.h */ = {isa = PBXFileReference; fileEncoding = 4; lastKnownFileType = sourcecode.c.h; path = loopTunnel.h; sourceTree = "<group>"; };
		BD4CD27C1A2D15F000B92025 /* loopUnrolling.cpp */ = {isa = PBXFileReference; fileEncoding = 4; lastKnownFileType = sourcecode.cpp.cpp; path = loopUnrolling.cpp; sourceTree = "<group>"; };
		BD4CD27D1A2D15F000B92025 /* loopUnrolling.h */ = {isa = PBXFileReference; fileEncoding = 4; lastKnownFileType = sourcecode.c.h; path = loopUnrolling.h; sourceTree = "<group>"; };
		BD4CD27E1A2D15F000B92025 /* node.cpp */ = {isa = PBXFileReference; fileEncoding = 4; lastKnownFileType = sourcecode.cpp.cpp; path = node.cpp; sourceTree = "<group>"; };
		BD4CD27F1A2D15F000B92025 /* node.cpp.orig */ = {isa = PBXFileReference; fileEncoding = 4; lastKnownFileType = text; path = node.cpp.orig; sourceTree = "<group>"; };
		BD4CD2801A2D15F000B92025 /* node.h */ = {isa = PBXFileReference; fileEncoding = 4; lastKnownFileType = sourcecode.c.h; path = node.h; sourceTree = "<group>"; };
		BD4CD2811A2D15F000B92025 /* poss.cpp */ = {isa = PBXFileReference; fileEncoding = 4; lastKnownFileType = sourcecode.cpp.cpp; path = poss.cpp; sourceTree = "<group>"; };
		BD4CD2821A2D15F000B92025 /* poss.cpp.orig */ = {isa = PBXFileReference; fileEncoding = 4; lastKnownFileType = text; path = poss.cpp.orig; sourceTree = "<group>"; };
		BD4CD2831A2D15F000B92025 /* poss.h */ = {isa = PBXFileReference; fileEncoding = 4; lastKnownFileType = sourcecode.c.h; path = poss.h; sourceTree = "<group>"; };
		BD4CD2841A2D15F000B92025 /* realLoop.cpp */ = {isa = PBXFileReference; fileEncoding = 4; lastKnownFileType = sourcecode.cpp.cpp; path = realLoop.cpp; sourceTree = "<group>"; };
		BD4CD2851A2D15F000B92025 /* realLoop.h */ = {isa = PBXFileReference; fileEncoding = 4; lastKnownFileType = sourcecode.c.h; path = realLoop.h; sourceTree = "<group>"; };
		BD4CD2861A2D15F000B92025 /* realPSet.cpp */ = {isa = PBXFileReference; fileEncoding = 4; lastKnownFileType = sourcecode.cpp.cpp; path = realPSet.cpp; sourceTree = "<group>"; };
		BD4CD2871A2D15F000B92025 /* realPSet.cpp.orig */ = {isa = PBXFileReference; fileEncoding = 4; lastKnownFileType = text; path = realPSet.cpp.orig; sourceTree = "<group>"; };
		BD4CD2881A2D15F000B92025 /* realPSet.h */ = {isa = PBXFileReference; fileEncoding = 4; lastKnownFileType = sourcecode.c.h; path = realPSet.h; sourceTree = "<group>"; };
		BD4CD2891A2D15F000B92025 /* shadowLoop.cpp */ = {isa = PBXFileReference; fileEncoding = 4; lastKnownFileType = sourcecode.cpp.cpp; path = shadowLoop.cpp; sourceTree = "<group>"; };
		BD4CD28A1A2D15F000B92025 /* shadowLoop.h */ = {isa = PBXFileReference; fileEncoding = 4; lastKnownFileType = sourcecode.c.h; path = shadowLoop.h; sourceTree = "<group>"; };
		BD4CD28B1A2D15F000B92025 /* shadowPSet.cpp */ = {isa = PBXFileReference; fileEncoding = 4; lastKnownFileType = sourcecode.cpp.cpp; path = shadowPSet.cpp; sourceTree = "<group>"; };
		BD4CD28C1A2D15F000B92025 /* shadowPSet.h */ = {isa = PBXFileReference; fileEncoding = 4; lastKnownFileType = sourcecode.c.h; path = shadowPSet.h; sourceTree = "<group>"; };
		BD4CD28D1A2D15F000B92025 /* sizes.cpp */ = {isa = PBXFileReference; fileEncoding = 4; lastKnownFileType = sourcecode.cpp.cpp; path = sizes.cpp; sourceTree = "<group>"; };
		BD4CD28E1A2D15F000B92025 /* sizes.h */ = {isa = PBXFileReference; fileEncoding = 4; lastKnownFileType = sourcecode.c.h; path = sizes.h; sourceTree = "<group>"; };
		BD4CD28F1A2D15F000B92025 /* splitBase.cpp */ = {isa = PBXFileReference; fileEncoding = 4; lastKnownFileType = sourcecode.cpp.cpp; path = splitBase.cpp; sourceTree = "<group>"; };
		BD4CD2901A2D15F000B92025 /* splitBase.h */ = {isa = PBXFileReference; fileEncoding = 4; lastKnownFileType = sourcecode.c.h; path = splitBase.h; sourceTree = "<group>"; };
		BD4CD2911A2D15F000B92025 /* splitSingleIter.cpp */ = {isa = PBXFileReference; fileEncoding = 4; lastKnownFileType = sourcecode.cpp.cpp; path = splitSingleIter.cpp; sourceTree = "<group>"; };
		BD4CD2921A2D15F000B92025 /* splitSingleIter.h */ = {isa = PBXFileReference; fileEncoding = 4; lastKnownFileType = sourcecode.c.h; path = splitSingleIter.h; sourceTree = "<group>"; };
		BD4CD2931A2D15F000B92025 /* splitUnrolled.cpp */ = {isa = PBXFileReference; fileEncoding = 4; lastKnownFileType = sourcecode.cpp.cpp; path = splitUnrolled.cpp; sourceTree = "<group>"; };
		BD4CD2941A2D15F000B92025 /* splitUnrolled.h */ = {isa = PBXFileReference; fileEncoding = 4; lastKnownFileType = sourcecode.c.h; path = splitUnrolled.h; sourceTree = "<group>"; };
		BD4CD2961A2D15F000B92025 /* ccsd.cpp */ = {isa = PBXFileReference; fileEncoding = 4; lastKnownFileType = sourcecode.cpp.cpp; path = ccsd.cpp; sourceTree = "<group>"; };
		BD4CD2971A2D15F000B92025 /* ccsd.h */ = {isa = PBXFileReference; fileEncoding = 4; lastKnownFileType = sourcecode.c.h; path = ccsd.h; sourceTree = "<group>"; };
		BD4CD2981A2D15F000B92025 /* contraction.cpp */ = {isa = PBXFileReference; fileEncoding = 4; lastKnownFileType = sourcecode.cpp.cpp; path = contraction.cpp; sourceTree = "<group>"; };
		BD4CD2991A2D15F000B92025 /* contraction.cpp.orig */ = {isa = PBXFileReference; fileEncoding = 4; lastKnownFileType = text; path = contraction.cpp.orig; sourceTree = "<group>"; };
		BD4CD29A1A2D15F000B92025 /* contraction.h */ = {isa = PBXFileReference; fileEncoding = 4; lastKnownFileType = sourcecode.c.h; path = contraction.h; sourceTree = "<group>"; };
		BD4CD29B1A2D15F000B92025 /* driverTensors.cpp */ = {isa = PBXFileReference; fileEncoding = 4; lastKnownFileType = sourcecode.cpp.cpp; path = driverTensors.cpp; sourceTree = "<group>"; };
		BD4CD29C1A2D15F000B92025 /* driverTensors.cpp.orig */ = {isa = PBXFileReference; fileEncoding = 4; lastKnownFileType = text; path = driverTensors.cpp.orig; sourceTree = "<group>"; };
		BD4CD29D1A2D15F000B92025 /* permutation.cpp */ = {isa = PBXFileReference; fileEncoding = 4; lastKnownFileType = sourcecode.cpp.cpp; path = permutation.cpp; sourceTree = "<group>"; };
		BD4CD29E1A2D15F000B92025 /* tensorPermute.cpp */ = {isa = PBXFileReference; fileEncoding = 4; lastKnownFileType = sourcecode.cpp.cpp; path = tensorPermute.cpp; sourceTree = "<group>"; };
		BD4CD29F1A2D15F000B92025 /* tensorPermute.h */ = {isa = PBXFileReference; fileEncoding = 4; lastKnownFileType = sourcecode.c.h; path = tensorPermute.h; sourceTree = "<group>"; };
		BD4CD2A01A2D15F000B92025 /* tensorRedist.cpp */ = {isa = PBXFileReference; fileEncoding = 4; lastKnownFileType = sourcecode.cpp.cpp; path = tensorRedist.cpp; sourceTree = "<group>"; };
		BD4CD2A11A2D15F000B92025 /* tensorRedist.cpp.orig */ = {isa = PBXFileReference; fileEncoding = 4; lastKnownFileType = text; path = tensorRedist.cpp.orig; sourceTree = "<group>"; };
		BD4CD2A21A2D15F000B92025 /* tensorRedist.h */ = {isa = PBXFileReference; fileEncoding = 4; lastKnownFileType = sourcecode.c.h; path = tensorRedist.h; sourceTree = "<group>"; };
		BD4CD2A31A2D15F000B92025 /* tensorRedist.h.orig */ = {isa = PBXFileReference; fileEncoding = 4; lastKnownFileType = text; path = tensorRedist.h.orig; sourceTree = "<group>"; };
		BD4CD2A41A2D15F000B92025 /* tensorSumScatter.cpp */ = {isa = PBXFileReference; fileEncoding = 4; lastKnownFileType = sourcecode.cpp.cpp; path = tensorSumScatter.cpp; sourceTree = "<group>"; };
		BD4CD2A51A2D15F000B92025 /* tensorSumScatter.h */ = {isa = PBXFileReference; fileEncoding = 4; lastKnownFileType = sourcecode.c.h; path = tensorSumScatter.h; sourceTree = "<group>"; };
		BD4CD2A61A2D15F000B92025 /* yaxppx.cpp */ = {isa = PBXFileReference; fileEncoding = 4; lastKnownFileType = sourcecode.cpp.cpp; path = yaxppx.cpp; sourceTree = "<group>"; };
		BD4CD2A71A2D15F000B92025 /* yaxppx.h */ = {isa = PBXFileReference; fileEncoding = 4; lastKnownFileType = sourcecode.c.h; path = yaxppx.h; sourceTree = "<group>"; };
		BD4CD2A81A2D15F000B92025 /* yxpby.cpp */ = {isa = PBXFileReference; fileEncoding = 4; lastKnownFileType = sourcecode.cpp.cpp; path = yxpby.cpp; sourceTree = "<group>"; };
		BD4CD2A91A2D15F000B92025 /* yxpby.h */ = {isa = PBXFileReference; fileEncoding = 4; lastKnownFileType = sourcecode.c.h; path = yxpby.h; sourceTree = "<group>"; };
		BD4CD2AA1A2D15F000B92025 /* zaxpby.cpp */ = {isa = PBXFileReference; fileEncoding = 4; lastKnownFileType = sourcecode.cpp.cpp; path = zaxpby.cpp; sourceTree = "<group>"; };
		BD4CD2AB1A2D15F000B92025 /* zaxpby.h */ = {isa = PBXFileReference; fileEncoding = 4; lastKnownFileType = sourcecode.c.h; path = zaxpby.h; sourceTree = "<group>"; };
		BD4CD2AC1A2D15F000B92025 /* transform.cpp */ = {isa = PBXFileReference; fileEncoding = 4; lastKnownFileType = sourcecode.cpp.cpp; path = transform.cpp; sourceTree = "<group>"; };
		BD4CD2AD1A2D15F000B92025 /* transform.h */ = {isa = PBXFileReference; fileEncoding = 4; lastKnownFileType = sourcecode.c.h; path = transform.h; sourceTree = "<group>"; };
		BD4CD2AE1A2D15F000B92025 /* tunnel.cpp */ = {isa = PBXFileReference; fileEncoding = 4; lastKnownFileType = sourcecode.cpp.cpp; path = tunnel.cpp; sourceTree = "<group>"; };
		BD4CD2AF1A2D15F000B92025 /* tunnel.h */ = {isa = PBXFileReference; fileEncoding = 4; lastKnownFileType = sourcecode.c.h; path = tunnel.h; sourceTree = "<group>"; };
		BD4CD2B01A2D15F000B92025 /* universe.cpp */ = {isa = PBXFileReference; fileEncoding = 4; lastKnownFileType = sourcecode.cpp.cpp; path = universe.cpp; sourceTree = "<group>"; };
		BD4CD2B11A2D15F000B92025 /* universe.cpp.orig */ = {isa = PBXFileReference; fileEncoding = 4; lastKnownFileType = text; path = universe.cpp.orig; sourceTree = "<group>"; };
		BD4CD2B21A2D15F000B92025 /* universe.h */ = {isa = PBXFileReference; fileEncoding = 4; lastKnownFileType = sourcecode.c.h; path = universe.h; sourceTree = "<group>"; };
		BD4CD2B31A2D15F000B92025 /* var.cpp */ = {isa = PBXFileReference; fileEncoding = 4; lastKnownFileType = sourcecode.cpp.cpp; path = var.cpp; sourceTree = "<group>"; };
		BD4CD2B41A2D15F000B92025 /* var.h */ = {isa = PBXFileReference; fileEncoding = 4; lastKnownFileType = sourcecode.c.h; path = var.h; sourceTree = "<group>"; };
		BD5CBC0F19D25A0A0039526C /* DxTer */ = {isa = PBXFileReference; explicitFileType = "compiled.mach-o.executable"; includeInIndex = 0; path = DxTer; sourceTree = BUILT_PRODUCTS_DIR; };
/* End PBXFileReference section */

/* Begin PBXFrameworksBuildPhase section */
		BD5CBC0C19D25A0A0039526C /* Frameworks */ = {
			isa = PBXFrameworksBuildPhase;
			buildActionMask = 2147483647;
			files = (
			);
			runOnlyForDeploymentPostprocessing = 0;
		};
/* End PBXFrameworksBuildPhase section */

/* Begin PBXGroup section */
		BD4CD20C1A2D15F000B92025 /* src */ = {
			isa = PBXGroup;
			children = (
				BD4CD20D1A2D15F000B92025 /* base.cpp */,
				BD4CD20E1A2D15F000B92025 /* base.h */,
				BD4CD20F1A2D15F000B92025 /* basePSet.cpp */,
				BD4CD2101A2D15F000B92025 /* basePSet.cpp.orig */,
				BD4CD2111A2D15F000B92025 /* basePSet.h */,
				BD4CD2121A2D15F000B92025 /* coef.cpp */,
				BD4CD2131A2D15F000B92025 /* coef.h */,
				BD4CD2141A2D15F000B92025 /* combineBase.cpp */,
				BD4CD2151A2D15F000B92025 /* combineBase.h */,
				BD4CD2161A2D15F000B92025 /* combineSingleIter.cpp */,
				BD4CD2171A2D15F000B92025 /* combineSingleIter.h */,
				BD4CD2181A2D15F000B92025 /* combineUnrolled.cpp */,
				BD4CD2191A2D15F000B92025 /* combineUnrolled.h */,
				BD4CD21A1A2D15F000B92025 /* comm.cpp */,
				BD4CD21B1A2D15F000B92025 /* comm.h */,
				BD4CD21C1A2D15F000B92025 /* costs.cpp */,
				BD4CD21D1A2D15F000B92025 /* costs.h */,
				BD4CD21E1A2D15F000B92025 /* critSect.cpp */,
				BD4CD21F1A2D15F000B92025 /* critSect.h */,
				BD4CD2201A2D15F000B92025 /* debug.h */,
				BD4CD2211A2D15F000B92025 /* DLA */,
				BD4CD24E1A2D15F000B92025 /* driverUtils.h */,
				BD4CD24F1A2D15F000B92025 /* graphIter.cpp */,
				BD4CD2501A2D15F000B92025 /* graphIter.h */,
				BD4CD2511A2D15F000B92025 /* IndStream.cpp */,
				BD4CD2521A2D15F000B92025 /* IndStream.h */,
				BD4CD2531A2D15F000B92025 /* intLoop.cpp */,
				BD4CD2541A2D15F000B92025 /* intLoop.h */,
				BD4CD2551A2D15F000B92025 /* layers.h */,
				BD4CD2561A2D15F000B92025 /* layers.h.orig */,
				BD4CD2571A2D15F000B92025 /* LLDLA */,
				BD4CD2791A2D15F000B92025 /* loopSupport.h */,
				BD4CD27A1A2D15F000B92025 /* loopTunnel.cpp */,
				BD4CD27B1A2D15F000B92025 /* loopTunnel.h */,
				BD4CD27C1A2D15F000B92025 /* loopUnrolling.cpp */,
				BD4CD27D1A2D15F000B92025 /* loopUnrolling.h */,
				BD4CD27E1A2D15F000B92025 /* node.cpp */,
				BD4CD27F1A2D15F000B92025 /* node.cpp.orig */,
				BD4CD2801A2D15F000B92025 /* node.h */,
				BD4CD2811A2D15F000B92025 /* poss.cpp */,
				BD4CD2821A2D15F000B92025 /* poss.cpp.orig */,
				BD4CD2831A2D15F000B92025 /* poss.h */,
				BD4CD2841A2D15F000B92025 /* realLoop.cpp */,
				BD4CD2851A2D15F000B92025 /* realLoop.h */,
				BD4CD2861A2D15F000B92025 /* realPSet.cpp */,
				BD4CD2871A2D15F000B92025 /* realPSet.cpp.orig */,
				BD4CD2881A2D15F000B92025 /* realPSet.h */,
				BD4CD2891A2D15F000B92025 /* shadowLoop.cpp */,
				BD4CD28A1A2D15F000B92025 /* shadowLoop.h */,
				BD4CD28B1A2D15F000B92025 /* shadowPSet.cpp */,
				BD4CD28C1A2D15F000B92025 /* shadowPSet.h */,
				BD4CD28D1A2D15F000B92025 /* sizes.cpp */,
				BD4CD28E1A2D15F000B92025 /* sizes.h */,
				BD4CD28F1A2D15F000B92025 /* splitBase.cpp */,
				BD4CD2901A2D15F000B92025 /* splitBase.h */,
				BD4CD2911A2D15F000B92025 /* splitSingleIter.cpp */,
				BD4CD2921A2D15F000B92025 /* splitSingleIter.h */,
				BD4CD2931A2D15F000B92025 /* splitUnrolled.cpp */,
				BD4CD2941A2D15F000B92025 /* splitUnrolled.h */,
				BD4CD2951A2D15F000B92025 /* tensors */,
				BD4CD2AC1A2D15F000B92025 /* transform.cpp */,
				BD4CD2AD1A2D15F000B92025 /* transform.h */,
				BD4CD2AE1A2D15F000B92025 /* tunnel.cpp */,
				BD4CD2AF1A2D15F000B92025 /* tunnel.h */,
				BD4CD2B01A2D15F000B92025 /* universe.cpp */,
				BD4CD2B11A2D15F000B92025 /* universe.cpp.orig */,
				BD4CD2B21A2D15F000B92025 /* universe.h */,
				BD4CD2B31A2D15F000B92025 /* var.cpp */,
				BD4CD2B41A2D15F000B92025 /* var.h */,
			);
			name = src;
			path = ../../src;
			sourceTree = "<group>";
		};
		BD4CD2211A2D15F000B92025 /* DLA */ = {
			isa = PBXGroup;
			children = (
				BD4CD2221A2D15F000B92025 /* blas.cpp */,
				BD4CD2231A2D15F000B92025 /* blas.h */,
				BD4CD2241A2D15F000B92025 /* blis.cpp */,
				BD4CD2251A2D15F000B92025 /* blis.h */,
				BD4CD2261A2D15F000B92025 /* chol.cpp */,
				BD4CD2271A2D15F000B92025 /* chol.h */,
				BD4CD2281A2D15F000B92025 /* DLANode.cpp */,
				BD4CD2291A2D15F000B92025 /* DLANode.h */,
				BD4CD22A1A2D15F000B92025 /* DLAOp.cpp */,
				BD4CD22B1A2D15F000B92025 /* DLAOp.h */,
				BD4CD22C1A2D15F000B92025 /* DLAReg.cpp */,
				BD4CD22D1A2D15F000B92025 /* DLAReg.h */,
				BD4CD22E1A2D15F000B92025 /* driverBLISElem.cpp */,
				BD4CD22F1A2D15F000B92025 /* elemRedist.cpp */,
				BD4CD2301A2D15F000B92025 /* elemRedist.h */,
				BD4CD2311A2D15F000B92025 /* gemm.cpp */,
				BD4CD2321A2D15F000B92025 /* gemm.h */,
				BD4CD2331A2D15F000B92025 /* gemmTransformations.cpp */,
				BD4CD2341A2D15F000B92025 /* gemmTransformations.h */,
				BD4CD2351A2D15F000B92025 /* helperNodes.cpp */,
				BD4CD2361A2D15F000B92025 /* helperNodes.h */,
				BD4CD2371A2D15F000B92025 /* hemm.cpp */,
				BD4CD2381A2D15F000B92025 /* hemm.h */,
				BD4CD2391A2D15F000B92025 /* her2k.cpp */,
				BD4CD23A1A2D15F000B92025 /* her2k.h */,
				BD4CD23B1A2D15F000B92025 /* herk.cpp */,
				BD4CD23C1A2D15F000B92025 /* herk.h */,
				BD4CD23D1A2D15F000B92025 /* hetrmm.cpp */,
				BD4CD23E1A2D15F000B92025 /* hetrmm.h */,
				BD4CD23F1A2D15F000B92025 /* lowerLayer.h */,
				BD4CD2401A2D15F000B92025 /* lu.cpp */,
				BD4CD2411A2D15F000B92025 /* lu.h */,
				BD4CD2421A2D15F000B92025 /* pack.cpp */,
				BD4CD2431A2D15F000B92025 /* pack.h */,
				BD4CD2441A2D15F000B92025 /* transpose.cpp */,
				BD4CD2451A2D15F000B92025 /* transpose.h */,
				BD4CD2461A2D15F000B92025 /* TriInv.cpp */,
				BD4CD2471A2D15F000B92025 /* TriInv.h */,
				BD4CD2481A2D15F000B92025 /* TrProps.cpp */,
				BD4CD2491A2D15F000B92025 /* TrProps.h */,
				BD4CD24A1A2D15F000B92025 /* trxm.cpp */,
				BD4CD24B1A2D15F000B92025 /* trxm.h */,
				BD4CD24C1A2D15F000B92025 /* twoSidedTrxm.cpp */,
				BD4CD24D1A2D15F000B92025 /* twoSidedTrxm.h */,
			);
			path = DLA;
			sourceTree = "<group>";
		};
		BD4CD2571A2D15F000B92025 /* LLDLA */ = {
			isa = PBXGroup;
			children = (
				BD4CD2581A2D15F000B92025 /* #driverLLDLA.cpp# */,
				BD4CD2591A2D15F000B92025 /* architecture.cpp */,
				BD4CD25A1A2D15F000B92025 /* architecture.h */,
				BD4CD25B1A2D15F000B92025 /* driverLLDLA.cpp */,
				BD4CD25C1A2D15F000B92025 /* driverLLDLA.cpp.orig */,
				BD4CD25D1A2D15F000B92025 /* LLDLA.cpp */,
				BD4CD25E1A2D15F000B92025 /* LLDLA.h */,
				BD4CD25F1A2D15F000B92025 /* LLDLAGemm.cpp */,
				BD4CD2601A2D15F000B92025 /* LLDLAGemm.h */,
				BD4CD2611A2D15F000B92025 /* LLDLAGemmTransformations.cpp */,
				BD4CD2621A2D15F000B92025 /* LLDLAGemmTransformations.h */,
				BD4CD2631A2D15F000B92025 /* LLDLATranspose.cpp */,
				BD4CD2641A2D15F000B92025 /* LLDLATranspose.h */,
				BD4CD2651A2D15F000B92025 /* madd.cpp */,
				BD4CD2661A2D15F000B92025 /* madd.h */,
				BD4CD2671A2D15F000B92025 /* mvmul.cpp */,
				BD4CD2681A2D15F000B92025 /* mvmul.h */,
				BD4CD2691A2D15F000B92025 /* regArith.cpp */,
				BD4CD26A1A2D15F000B92025 /* regArith.h */,
				BD4CD26B1A2D15F000B92025 /* regLoadStore.cpp */,
				BD4CD26C1A2D15F000B92025 /* regLoadStore.h */,
				BD4CD26D1A2D15F000B92025 /* runtimeEvaluation.cpp */,
				BD4CD26E1A2D15F000B92025 /* runtimeEvaluation.h */,
				BD4CD26F1A2D15F000B92025 /* smmul.cpp */,
				BD4CD2701A2D15F000B92025 /* smmul.h */,
				BD4CD2711A2D15F000B92025 /* svmul.cpp */,
				BD4CD2721A2D15F000B92025 /* svmul.h */,
				BD4CD2731A2D15F000B92025 /* vadd.cpp */,
				BD4CD2741A2D15F000B92025 /* vadd.h */,
				BD4CD2751A2D15F000B92025 /* vmmul.cpp */,
				BD4CD2761A2D15F000B92025 /* vmmul.h */,
				BD4CD2771A2D15F000B92025 /* vvdot.cpp */,
				BD4CD2781A2D15F000B92025 /* vvdot.h */,
			);
			path = LLDLA;
			sourceTree = "<group>";
		};
		BD4CD2951A2D15F000B92025 /* tensors */ = {
			isa = PBXGroup;
			children = (
				BD4CD2961A2D15F000B92025 /* ccsd.cpp */,
				BD4CD2971A2D15F000B92025 /* ccsd.h */,
				BD4CD2981A2D15F000B92025 /* contraction.cpp */,
				BD4CD2991A2D15F000B92025 /* contraction.cpp.orig */,
				BD4CD29A1A2D15F000B92025 /* contraction.h */,
				BD4CD29B1A2D15F000B92025 /* driverTensors.cpp */,
				BD4CD29C1A2D15F000B92025 /* driverTensors.cpp.orig */,
				BD4CD29D1A2D15F000B92025 /* permutation.cpp */,
				BD4CD29E1A2D15F000B92025 /* tensorPermute.cpp */,
				BD4CD29F1A2D15F000B92025 /* tensorPermute.h */,
				BD4CD2A01A2D15F000B92025 /* tensorRedist.cpp */,
				BD4CD2A11A2D15F000B92025 /* tensorRedist.cpp.orig */,
				BD4CD2A21A2D15F000B92025 /* tensorRedist.h */,
				BD4CD2A31A2D15F000B92025 /* tensorRedist.h.orig */,
				BD4CD2A41A2D15F000B92025 /* tensorSumScatter.cpp */,
				BD4CD2A51A2D15F000B92025 /* tensorSumScatter.h */,
				BD4CD2A61A2D15F000B92025 /* yaxppx.cpp */,
				BD4CD2A71A2D15F000B92025 /* yaxppx.h */,
				BD4CD2A81A2D15F000B92025 /* yxpby.cpp */,
				BD4CD2A91A2D15F000B92025 /* yxpby.h */,
				BD4CD2AA1A2D15F000B92025 /* zaxpby.cpp */,
				BD4CD2AB1A2D15F000B92025 /* zaxpby.h */,
			);
			path = tensors;
			sourceTree = "<group>";
		};
		BD5CBC0619D25A0A0039526C = {
			isa = PBXGroup;
			children = (
				BD5CBC1119D25A0A0039526C /* DxTer */,
				BD5CBC1019D25A0A0039526C /* Products */,
			);
			sourceTree = "<group>";
		};
		BD5CBC1019D25A0A0039526C /* Products */ = {
			isa = PBXGroup;
			children = (
				BD5CBC0F19D25A0A0039526C /* DxTer */,
			);
			name = Products;
			sourceTree = "<group>";
		};
		BD5CBC1119D25A0A0039526C /* DxTer */ = {
			isa = PBXGroup;
			children = (
				BD4CD20C1A2D15F000B92025 /* src */,
			);
			path = DxTer;
			sourceTree = "<group>";
		};
/* End PBXGroup section */

/* Begin PBXNativeTarget section */
		BD5CBC0E19D25A0A0039526C /* DxTer */ = {
			isa = PBXNativeTarget;
			buildConfigurationList = BD5CBC1619D25A0A0039526C /* Build configuration list for PBXNativeTarget "DxTer" */;
			buildPhases = (
				BD5CBC0B19D25A0A0039526C /* Sources */,
				BD5CBC0C19D25A0A0039526C /* Frameworks */,
				BD5CBC0D19D25A0A0039526C /* CopyFiles */,
			);
			buildRules = (
			);
			dependencies = (
			);
			name = DxTer;
			productName = DxTer;
			productReference = BD5CBC0F19D25A0A0039526C /* DxTer */;
			productType = "com.apple.product-type.tool";
		};
/* End PBXNativeTarget section */

/* Begin PBXProject section */
		BD5CBC0719D25A0A0039526C /* Project object */ = {
			isa = PBXProject;
			attributes = {
				LastUpgradeCheck = 0600;
				ORGANIZATIONNAME = "Bryan Marker - UT";
				TargetAttributes = {
					BD5CBC0E19D25A0A0039526C = {
						CreatedOnToolsVersion = 6.0.1;
					};
				};
			};
			buildConfigurationList = BD5CBC0A19D25A0A0039526C /* Build configuration list for PBXProject "DxTer" */;
			compatibilityVersion = "Xcode 3.2";
			developmentRegion = English;
			hasScannedForEncodings = 0;
			knownRegions = (
				en,
			);
			mainGroup = BD5CBC0619D25A0A0039526C;
			productRefGroup = BD5CBC1019D25A0A0039526C /* Products */;
			projectDirPath = "";
			projectRoot = "";
			targets = (
				BD5CBC0E19D25A0A0039526C /* DxTer */,
			);
		};
/* End PBXProject section */

/* Begin PBXSourcesBuildPhase section */
		BD5CBC0B19D25A0A0039526C /* Sources */ = {
			isa = PBXSourcesBuildPhase;
			buildActionMask = 2147483647;
			files = (
				BD4CD2B81A2D15F000B92025 /* combineBase.cpp in Sources */,
				BD4CD2FC1A2D15F000B92025 /* zaxpby.cpp in Sources */,
				BD4CD2F21A2D15F000B92025 /* splitUnrolled.cpp in Sources */,
				BD4CD2D91A2D15F000B92025 /* LLDLA.cpp in Sources */,
				BD4CD2EA1A2D15F000B92025 /* poss.cpp in Sources */,
				BD4CD2BD1A2D15F000B92025 /* critSect.cpp in Sources */,
				BD4CD2DB1A2D15F000B92025 /* LLDLAGemmTransformations.cpp in Sources */,
				BD4CD2EE1A2D15F000B92025 /* shadowPSet.cpp in Sources */,
				BD4CD2FF1A2D15F000B92025 /* universe.cpp in Sources */,
				BD4CD2EC1A2D15F000B92025 /* realPSet.cpp in Sources */,
				BD4CD2FD1A2D15F000B92025 /* transform.cpp in Sources */,
				BD4CD2CA1A2D15F000B92025 /* her2k.cpp in Sources */,
				BD4CD2BB1A2D15F000B92025 /* comm.cpp in Sources */,
				BD4CD3001A2D15F000B92025 /* var.cpp in Sources */,
				BD4CD2D41A2D15F000B92025 /* graphIter.cpp in Sources */,
				BD4CD2D61A2D15F000B92025 /* intLoop.cpp in Sources */,
				BD4CD2E41A2D15F000B92025 /* vadd.cpp in Sources */,
				BD4CD2E01A2D15F000B92025 /* regLoadStore.cpp in Sources */,
				BD4CD2C51A2D15F000B92025 /* elemRedist.cpp in Sources */,
				BD4CD2F81A2D15F000B92025 /* tensorRedist.cpp in Sources */,
				BD4CD2D31A2D15F000B92025 /* twoSidedTrxm.cpp in Sources */,
				BD4CD2BE1A2D15F000B92025 /* blas.cpp in Sources */,
				BD4CD2E21A2D15F000B92025 /* smmul.cpp in Sources */,
				BD4CD2E81A2D15F000B92025 /* loopUnrolling.cpp in Sources */,
				BD4CD2C81A2D15F000B92025 /* helperNodes.cpp in Sources */,
				BD4CD2F91A2D15F000B92025 /* tensorSumScatter.cpp in Sources */,
				BD4CD2D01A2D15F000B92025 /* TriInv.cpp in Sources */,
				BD4CD2D21A2D15F000B92025 /* trxm.cpp in Sources */,
				BD4CD2DA1A2D15F000B92025 /* LLDLAGemm.cpp in Sources */,
				BD4CD2B91A2D15F000B92025 /* combineSingleIter.cpp in Sources */,
				BD4CD2CC1A2D15F000B92025 /* hetrmm.cpp in Sources */,
				BD4CD2FA1A2D15F000B92025 /* yaxppx.cpp in Sources */,
				BD4CD2CB1A2D15F000B92025 /* herk.cpp in Sources */,
				BD4CD2C71A2D15F000B92025 /* gemmTransformations.cpp in Sources */,
				BD4CD2DC1A2D15F000B92025 /* LLDLATranspose.cpp in Sources */,
				BD4CD2B61A2D15F000B92025 /* basePSet.cpp in Sources */,
				BD4CD2EF1A2D15F000B92025 /* sizes.cpp in Sources */,
				BD4CD2ED1A2D15F000B92025 /* shadowLoop.cpp in Sources */,
				BD4CD2D81A2D15F000B92025 /* driverLLDLA.cpp in Sources */,
				BD4CD2EB1A2D15F000B92025 /* realLoop.cpp in Sources */,
				BD4CD2BF1A2D15F000B92025 /* blis.cpp in Sources */,
				BD4CD2F71A2D15F000B92025 /* tensorPermute.cpp in Sources */,
				BD4CD2B51A2D15F000B92025 /* base.cpp in Sources */,
				BD4CD2C31A2D15F000B92025 /* DLAReg.cpp in Sources */,
				BD4CD2F41A2D15F000B92025 /* contraction.cpp in Sources */,
				BD4CD2D71A2D15F000B92025 /* architecture.cpp in Sources */,
				BD4CD2F51A2D15F000B92025 /* driverTensors.cpp in Sources */,
				BD4CD2BA1A2D15F000B92025 /* combineUnrolled.cpp in Sources */,
				BD4CD2D11A2D15F000B92025 /* TrProps.cpp in Sources */,
				BD4CD2C61A2D15F000B92025 /* gemm.cpp in Sources */,
				BD4CD2E51A2D15F000B92025 /* vmmul.cpp in Sources */,
				BD4CD2FE1A2D15F000B92025 /* tunnel.cpp in Sources */,
				BD4CD2BC1A2D15F000B92025 /* costs.cpp in Sources */,
				BD4CD2CE1A2D15F000B92025 /* pack.cpp in Sources */,
				BD4CD2E61A2D15F000B92025 /* vvdot.cpp in Sources */,
				BD4CD2FB1A2D15F000B92025 /* yxpby.cpp in Sources */,
				BD4CD2C21A2D15F000B92025 /* DLAOp.cpp in Sources */,
				BD4CD2E31A2D15F000B92025 /* svmul.cpp in Sources */,
				BD4CD2C41A2D15F000B92025 /* driverBLISElem.cpp in Sources */,
				BD4CD2F31A2D15F000B92025 /* ccsd.cpp in Sources */,
				BD4CD2CD1A2D15F000B92025 /* lu.cpp in Sources */,
				BD4CD2E11A2D15F000B92025 /* runtimeEvaluation.cpp in Sources */,
				BD4CD2DD1A2D15F000B92025 /* madd.cpp in Sources */,
				BD4CD2F01A2D15F000B92025 /* splitBase.cpp in Sources */,
				BD4CD2C91A2D15F000B92025 /* hemm.cpp in Sources */,
				BD4CD2D51A2D15F000B92025 /* IndStream.cpp in Sources */,
				BD4CD2B71A2D15F000B92025 /* coef.cpp in Sources */,
				BD4CD2CF1A2D15F000B92025 /* transpose.cpp in Sources */,
				BD4CD2C11A2D15F000B92025 /* DLANode.cpp in Sources */,
				BD4CD2C01A2D15F000B92025 /* chol.cpp in Sources */,
				BD4CD2DF1A2D15F000B92025 /* regArith.cpp in Sources */,
				BD4CD2E91A2D15F000B92025 /* node.cpp in Sources */,
				BD4CD2F11A2D15F000B92025 /* splitSingleIter.cpp in Sources */,
				BD4CD2DE1A2D15F000B92025 /* mvmul.cpp in Sources */,
				BD4CD2F61A2D15F000B92025 /* permutation.cpp in Sources */,
				BD4CD2E71A2D15F000B92025 /* loopTunnel.cpp in Sources */,
			);
			runOnlyForDeploymentPostprocessing = 0;
		};
/* End PBXSourcesBuildPhase section */

/* Begin XCBuildConfiguration section */
		BD5CBC1419D25A0A0039526C /* Debug */ = {
			isa = XCBuildConfiguration;
			buildSettings = {
				ALWAYS_SEARCH_USER_PATHS = NO;
				CLANG_CXX_LANGUAGE_STANDARD = "gnu++0x";
				CLANG_CXX_LIBRARY = "libc++";
				CLANG_ENABLE_MODULES = YES;
				CLANG_ENABLE_OBJC_ARC = YES;
				CLANG_WARN_BOOL_CONVERSION = YES;
				CLANG_WARN_CONSTANT_CONVERSION = YES;
				CLANG_WARN_DIRECT_OBJC_ISA_USAGE = YES_ERROR;
				CLANG_WARN_EMPTY_BODY = YES;
				CLANG_WARN_ENUM_CONVERSION = YES;
				CLANG_WARN_INT_CONVERSION = YES;
				CLANG_WARN_OBJC_ROOT_CLASS = YES_ERROR;
				CLANG_WARN_UNREACHABLE_CODE = YES;
				CLANG_WARN__DUPLICATE_METHOD_MATCH = YES;
				COPY_PHASE_STRIP = NO;
				ENABLE_STRICT_OBJC_MSGSEND = YES;
				GCC_C_LANGUAGE_STANDARD = gnu99;
				GCC_DYNAMIC_NO_PIC = NO;
				GCC_OPTIMIZATION_LEVEL = 0;
				GCC_PREPROCESSOR_DEFINITIONS = (
					"DEBUG=1",
					"$(inherited)",
				);
				GCC_SYMBOLS_PRIVATE_EXTERN = NO;
				GCC_WARN_64_TO_32_BIT_CONVERSION = YES;
				GCC_WARN_ABOUT_RETURN_TYPE = YES_ERROR;
				GCC_WARN_UNDECLARED_SELECTOR = YES;
				GCC_WARN_UNINITIALIZED_AUTOS = YES_AGGRESSIVE;
				GCC_WARN_UNUSED_FUNCTION = YES;
				GCC_WARN_UNUSED_VARIABLE = YES;
				MACOSX_DEPLOYMENT_TARGET = 10.9;
				MTL_ENABLE_DEBUG_INFO = YES;
				ONLY_ACTIVE_ARCH = YES;
				SDKROOT = macosx;
			};
			name = Debug;
		};
		BD5CBC1519D25A0A0039526C /* Release */ = {
			isa = XCBuildConfiguration;
			buildSettings = {
				ALWAYS_SEARCH_USER_PATHS = NO;
				CLANG_CXX_LANGUAGE_STANDARD = "gnu++0x";
				CLANG_CXX_LIBRARY = "libc++";
				CLANG_ENABLE_MODULES = YES;
				CLANG_ENABLE_OBJC_ARC = YES;
				CLANG_WARN_BOOL_CONVERSION = YES;
				CLANG_WARN_CONSTANT_CONVERSION = YES;
				CLANG_WARN_DIRECT_OBJC_ISA_USAGE = YES_ERROR;
				CLANG_WARN_EMPTY_BODY = YES;
				CLANG_WARN_ENUM_CONVERSION = YES;
				CLANG_WARN_INT_CONVERSION = YES;
				CLANG_WARN_OBJC_ROOT_CLASS = YES_ERROR;
				CLANG_WARN_UNREACHABLE_CODE = YES;
				CLANG_WARN__DUPLICATE_METHOD_MATCH = YES;
				COPY_PHASE_STRIP = YES;
				DEBUG_INFORMATION_FORMAT = "dwarf-with-dsym";
				ENABLE_NS_ASSERTIONS = NO;
				ENABLE_STRICT_OBJC_MSGSEND = YES;
				GCC_C_LANGUAGE_STANDARD = gnu99;
				GCC_WARN_64_TO_32_BIT_CONVERSION = YES;
				GCC_WARN_ABOUT_RETURN_TYPE = YES_ERROR;
				GCC_WARN_UNDECLARED_SELECTOR = YES;
				GCC_WARN_UNINITIALIZED_AUTOS = YES_AGGRESSIVE;
				GCC_WARN_UNUSED_FUNCTION = YES;
				GCC_WARN_UNUSED_VARIABLE = YES;
				MACOSX_DEPLOYMENT_TARGET = 10.9;
				MTL_ENABLE_DEBUG_INFO = NO;
				SDKROOT = macosx;
			};
			name = Release;
		};
		BD5CBC1719D25A0A0039526C /* Debug */ = {
			isa = XCBuildConfiguration;
			buildSettings = {
				PRODUCT_NAME = "$(TARGET_NAME)";
			};
			name = Debug;
		};
		BD5CBC1819D25A0A0039526C /* Release */ = {
			isa = XCBuildConfiguration;
			buildSettings = {
				PRODUCT_NAME = "$(TARGET_NAME)";
			};
			name = Release;
		};
/* End XCBuildConfiguration section */

/* Begin XCConfigurationList section */
		BD5CBC0A19D25A0A0039526C /* Build configuration list for PBXProject "DxTer" */ = {
			isa = XCConfigurationList;
			buildConfigurations = (
				BD5CBC1419D25A0A0039526C /* Debug */,
				BD5CBC1519D25A0A0039526C /* Release */,
			);
			defaultConfigurationIsVisible = 0;
			defaultConfigurationName = Release;
		};
		BD5CBC1619D25A0A0039526C /* Build configuration list for PBXNativeTarget "DxTer" */ = {
			isa = XCConfigurationList;
			buildConfigurations = (
				BD5CBC1719D25A0A0039526C /* Debug */,
				BD5CBC1819D25A0A0039526C /* Release */,
			);
			defaultConfigurationIsVisible = 0;
			defaultConfigurationName = Release;
		};
/* End XCConfigurationList section */
	};
	rootObject = BD5CBC0719D25A0A0039526C /* Project object */;
}
